GEM
  remote: https://rubygems.org/
  specs:
    base64 (0.3.0)
    bigdecimal (4.1.3)
    domain_name (0.6.20260921)
    google-protobuf (4.36.2)
      bigdecimal
      rake (~> 13.3)
    google-protobuf (4.36.2-aarch64-linux-gnu)
      bigdecimal
      rake (~> 13.3)
    google-protobuf (4.36.2-aarch64-linux-musl)
      bigdecimal
      rake (~> 13.3)
    google-protobuf (4.36.2-arm64-darwin)
      bigdecimal
      rake (~> 13.3)
    google-protobuf (4.36.2-x86-linux-gnu)
      bigdecimal
      rake (~> 13.3)
    google-protobuf (4.36.2-x86-linux-musl)
      bigdecimal
      rake (~> 13.3)
    google-protobuf (4.36.2-x86_64-darwin)
      bigdecimal
      rake (~> 13.3)
    google-protobuf (4.36.2-x86_64-linux-gnu)
      bigdecimal
      rake (~> 13.3)
    google-protobuf (4.36.2-x86_64-linux-musl)
      bigdecimal
      rake (~> 13.3)
    googleapis-common-protos-types (1.23.0)
      google-protobuf (~> 4.26)
    grpc (1.84.0)
      google-protobuf (>= 3.25, < 5.0)
      googleapis-common-protos-types (~> 1.0)
    grpc (1.84.0-aarch64-linux-gnu)
      google-protobuf (>= 3.25, < 5.0)
      googleapis-common-protos-types (~> 1.0)
    grpc (1.84.0-aarch64-linux-musl)
      google-protobuf (>= 3.25, < 5.0)
      googleapis-common-protos-types (~> 1.0)
    grpc (1.84.0-arm64-darwin)
      google-protobuf (>= 3.25, < 5.0)
      googleapis-common-protos-types (~> 1.0)
    grpc (1.84.0-x86-linux-gnu)
      google-protobuf (>= 3.25, < 5.0)
      googleapis-common-protos-types (~> 1.0)
    grpc (1.84.0-x86-linux-musl)
      google-protobuf (>= 3.25, < 5.0)
      googleapis-common-protos-types (~> 1.0)
    grpc (1.84.0-x86_64-darwin)
      google-protobuf (>= 3.25, < 5.0)
      googleapis-common-protos-types (~> 1.0)
    grpc (1.84.0-x86_64-linux-gnu)
      google-protobuf (>= 3.25, < 5.0)
      googleapis-common-protos-types (~> 1.0)
    grpc (1.84.0-x86_64-linux-musl)
      google-protobuf (>= 3.25, < 5.0)
      googleapis-common-protos-types (~> 1.0)
    grpc-tools (1.84.0)
    http-accept (1.7.0)
    http-cookie (1.1.6)
      domain_name (~> 0.5)
    jwt (3.3.0)
      base64
    logger (1.7.0)
    mime-types (3.7.0)
      logger
      mime-types-data (~> 3.2025, >= 3.2025.0507)
    mime-types-data (3.2026.0922)
    netrc (0.11.0)
    rake (13.4.2)
    rest-client (2.1.0)
      http-accept (>= 1.7.0, < 2.0)
      http-cookie (>= 1.0.2, < 2.0)
      mime-types (>= 1.16, < 4.0)
      netrc (~> 0.8)

PLATFORMS
  aarch64-linux-gnu
  aarch64-linux-musl
  arm64-darwin
  ruby
  x86-linux-gnu
  x86-linux-musl
  x86_64-darwin
  x86_64-linux-gnu
  x86_64-linux-musl

DEPENDENCIES
  base64
  google-protobuf
  grpc
  grpc-tools
  jwt
  rake
  rest-client

CHECKSUMS
  base64 (0.3.0) sha256=27337aeabad6ffae05c265c450490628ef3ebd4b67be58257393227588f5a97b
  bigdecimal (4.1.3) sha256=61ebe1e5e559bdc3cc6f2c0ee7f427321fc838f59611c294356eb04d6e21cf66
  bundler (4.0.21) sha256=7cbf5499b426076aa16c8d28a59e4c2c3aad5a438402abcd961f0119f29f1dd0
  domain_name (0.6.20260921) sha256=b335949f69fae603fed0ae88c4e09a51e9d8e3ceef4c73a6cfde44eb5c8dee6d
  google-protobuf (4.36.2) sha256=2f8daff50ae14aad36ab0ccdcf284065fa71d726c444efe114e6db82ffe62494
  google-protobuf (4.36.2-aarch64-linux-gnu) sha256=c3279ec6eaa59f6ed6276eda2a33cffb4306471183ab79a332e698b8564f5169
  google-protobuf (4.36.2-aarch64-linux-musl) sha256=0772c9dde1e6dce9a6b44d1d35c28c29adee99d9bd6aff5e21840daeb22161ce
  google-protobuf (4.36.2-arm64-darwin) sha256=f70d810e6bbab9d8ad9c1d5fd685a21de4c10ad3ad32efb9455e17e5b1286917
  google-protobuf (4.36.2-x86-linux-gnu) sha256=ffcd06d49bffca24afff18c900dd61a51ea3028d43c47d0d9621d00bf38a5866
  google-protobuf (4.36.2-x86-linux-musl) sha256=e1afec03babd73c9117cc09d5fc2a98dfef37a414bfd8a4d0ceaac7bd66fc028
  google-protobuf (4.36.2-x86_64-darwin) sha256=8d1bd2a344f7f589703b202ad2ee4cca8ef731b4ced45782ef92d385967384ba
  google-protobuf (4.36.2-x86_64-linux-gnu) sha256=d25a820873e423f1d209ae8c672a4a28b019e2429debd0901d26670a0b4e14db
  google-protobuf (4.36.2-x86_64-linux-musl) sha256=0fa17686c896da96a60a705e56ddc7d4ff56413f52787c655bd4c9fb33ffe14f
  googleapis-common-protos-types (1.23.0) sha256=992e740a523794d9fc5f29a504465d8fc737aaa16c930fe7228e3346860faf0a
  grpc (1.84.0) sha256=df2dd2d379fe3419a58af64f2fab514202437e28b7df5b441a16da542486a98f
  grpc (1.84.0-aarch64-linux-gnu) sha256=38bcb6998cca338718e39e2b89785964850f71444279a033c296ceb40406cfad
  grpc (1.84.0-aarch64-linux-musl) sha256=514fad5bc13ed336d424ac056d21803c27f4e2feaddf9eddfc94750bae03f40b
  grpc (1.84.0-arm64-darwin) sha256=aee56ed688f44750832fbc50c17eb1c75ce1c0d38693dc08d4f37560e1646277
  grpc (1.84.0-x86-linux-gnu) sha256=f9846e8aa06f7d70b41b5ea96a7ff97dd5cce28d379788040f93eab1c0f9b52b
  grpc (1.84.0-x86-linux-musl) sha256=adb35f72337bd6709e6e874e165d11096ea7015cb9ef33ed30f0a072e1bb2817
  grpc (1.84.0-x86_64-darwin) sha256=deb0ba1f82af9200afd0a71301e2039306cd1a3ca3010c814fb67f57eed38642
  grpc (1.84.0-x86_64-linux-gnu) sha256=3e9be3e4c4734a2a4977aa34446c604b1542a21fe67e4b7772be01602eac6bb3
  grpc (1.84.0-x86_64-linux-musl) sha256=1ded8b5df0fafb16b195bf559470bf38b9a22bf74a820b892ebb931ca9f2d8ee
  grpc-tools (1.84.0) sha256=f54767ec65e22553768d38a20d021ca2241c33ae2e96d51336152bbcc62578a8
  http-accept (1.7.0) sha256=c626860682bfbb3b46462f8c39cd470fd7b0584f61b3cc9df5b2e9eb9972a126
  http-cookie (1.1.6) sha256=ba4b82be64de61dc281243dac70e3c382c45142f20268ed9276a3670c93feaa9
  jwt (3.3.0) sha256=44cc34fbc341c148233cf66641522b4bce0dfb1ce55e8073f05c56f44f4ee546
  logger (1.7.0) sha256=196edec7cc44b66cfb40f9755ce11b392f21f7967696af15d274dde7edff0203
  mime-types (3.7.0) sha256=dcebf61c246f08e15a4de34e386ebe8233791e868564a470c3fe77c00eed5e56
  mime-types-data (3.2026.0922) sha256=f49b8cf20f3b9cf3e874791cd9ec96bdd5c1740dfd1a256ce4ea56762f4c58ae
  netrc (0.11.0) sha256=de1ce33da8c99ab1d97871726cba75151113f117146becbe45aa85cb3dabee3f
  rake (13.4.2) sha256=cb825b2bd5f1f8e91ca37bddb4b9aaf345551b4731da62949be002fa89283701
  rest-client (2.1.0) sha256=35a6400bdb14fae28596618e312776c158f7ebbb0ccad752ff4fa142bf2747e3

BUNDLED WITH
  4.0.21
